{
  "name": "examples",
  "version": "1.0.0",
  "lockfileVersion": 3,
  "requires": true,
  "packages": {
    "": {
      "name": "examples",
      "version": "1.0.0",
      "license": "ISC",
      "dependencies": {
        "fastify-ws-native": "file:.."
      }
    },
    "..": {
      "version": "0.1.0",
      "license": "MIT",
      "devDependencies": {
        "@fastify/jwt": "^10.0.0",
        "@types/node": "^24.3.0",
        "@types/ws": "^8.18.1",
        "fastify": "^5.5.0",
        "tsup": "^8.5.0",
        "typescript": "^5.9.2",
        "vitest": "^3.2.4",
        "ws": "^8.18.3"
      },
      "engines": {
        "node": ">=18"
      },
      "peerDependencies": {
        "fastify": ">=4 <6",
        "ws": "^8.0.0"
      },
      "peerDependenciesMeta": {
        "@fastify/cookie": {
          "optional": true
        },
        "@fastify/jwt": {
          "optional": true
        }
      }
    },
    "node_modules/fastify-ws-native": {
      "resolved": "..",
      "link": true
    }
  }
}
